// !$*UTF8*$!
{
	archiveVersion = 1;
	classes = {
	};
	objectVersion = 56;
	objects = {

/* Begin PBXBuildFile section */
		BA0E6DD22C04E2AB0086A383 /* ListFilmsView.swift in Sources */ = {isa = PBXBuildFile; fileRef = BA0E6DD12C04E2AB0086A383 /* ListFilmsView.swift */; };
		BA0E6DD62C04EA970086A383 /* RequestCreator2.swift in Sources */ = {isa = PBXBuildFile; fileRef = BA0E6DD52C04EA960086A383 /* RequestCreator2.swift */; };
		BA0E6DD82C04FEB50086A383 /* DetailsFilmView.swift in Sources */ = {isa = PBXBuildFile; fileRef = BA0E6DD72C04FEB50086A383 /* DetailsFilmView.swift */; };
		BA1E13952BDBCF540073B876 /* CinemaStarMVVMUnitTests.swift in Sources */ = {isa = PBXBuildFile; fileRef = BA1E13942BDBCF540073B876 /* CinemaStarMVVMUnitTests.swift */; };
		BA1F50B42BD8E97100405A77 /* PosterAndRatingCell.swift in Sources */ = {isa = PBXBuildFile; fileRef = BA1F50B32BD8E97100405A77 /* PosterAndRatingCell.swift */; };
		BA1FD10C2C0CB69500BA90F8 /* ListFilmsInteractorTests.swift in Sources */ = {isa = PBXBuildFile; fileRef = BA1FD10B2C0CB69500BA90F8 /* ListFilmsInteractorTests.swift */; };
		BA1FD10F2C0CB73100BA90F8 /* MockPresenter.swift in Sources */ = {isa = PBXBuildFile; fileRef = BA1FD10E2C0CB73100BA90F8 /* MockPresenter.swift */; };
		BA1FD1112C0CB7EC00BA90F8 /* MockNetworkService.swift in Sources */ = {isa = PBXBuildFile; fileRef = BA1FD1102C0CB7EC00BA90F8 /* MockNetworkService.swift */; };
		BA1FD1132C0CC1A500BA90F8 /* InteractorTests.swift in Sources */ = {isa = PBXBuildFile; fileRef = BA1FD1122C0CC1A500BA90F8 /* InteractorTests.swift */; };
		BA1FD1152C0CC45800BA90F8 /* MockInteractor.swift in Sources */ = {isa = PBXBuildFile; fileRef = BA1FD1142C0CC45800BA90F8 /* MockInteractor.swift */; };
		BA3B356F2BD6F3FA001A9F29 /* FilmsCommonInfo.swift in Sources */ = {isa = PBXBuildFile; fileRef = BA3B356E2BD6F3FA001A9F29 /* FilmsCommonInfo.swift */; };
		BA3B35722BD6F43A001A9F29 /* CinemaStarDTO.swift in Sources */ = {isa = PBXBuildFile; fileRef = BA3B35712BD6F43A001A9F29 /* CinemaStarDTO.swift */; };
		BA3B35742BD6F6E2001A9F29 /* NetworkService.swift in Sources */ = {isa = PBXBuildFile; fileRef = BA3B35732BD6F6E2001A9F29 /* NetworkService.swift */; };
		BA57018D2BD796FA006C7586 /* DetailsFilmViewController.swift in Sources */ = {isa = PBXBuildFile; fileRef = BA57018C2BD796FA006C7586 /* DetailsFilmViewController.swift */; };
		BA5701902BD79D38006C7586 /* DetailedDescriptionCell.swift in Sources */ = {isa = PBXBuildFile; fileRef = BA57018F2BD79D38006C7586 /* DetailedDescriptionCell.swift */; };
		BA5701922BD79ECB006C7586 /* CastAndCrewTableViewCell.swift in Sources */ = {isa = PBXBuildFile; fileRef = BA5701912BD79ECB006C7586 /* CastAndCrewTableViewCell.swift */; };
		BA5701942BD79F1F006C7586 /* RecommendationTableViewCell.swift in Sources */ = {isa = PBXBuildFile; fileRef = BA5701932BD79F1F006C7586 /* RecommendationTableViewCell.swift */; };
		BA628A342C0A3B000015FC16 /* CinemaStarDataBase.xcdatamodeld in Sources */ = {isa = PBXBuildFile; fileRef = BA628A322C0A3B000015FC16 /* CinemaStarDataBase.xcdatamodeld */; };
		BA628A372C0A3B7C0015FC16 /* Film+CoreDataClass.swift in Sources */ = {isa = PBXBuildFile; fileRef = BA628A352C0A3B7C0015FC16 /* Film+CoreDataClass.swift */; };
		BA628A382C0A3B7C0015FC16 /* Film+CoreDataProperties.swift in Sources */ = {isa = PBXBuildFile; fileRef = BA628A362C0A3B7C0015FC16 /* Film+CoreDataProperties.swift */; };
		BA628A3A2C0A3DAD0015FC16 /* CoreDataManager.swift in Sources */ = {isa = PBXBuildFile; fileRef = BA628A392C0A3DAD0015FC16 /* CoreDataManager.swift */; };
		BA6D92112BDD132900DFED7F /* KeychainSwift in Frameworks */ = {isa = PBXBuildFile; productRef = BA6D92102BDD132900DFED7F /* KeychainSwift */; };
		BA6D92132BDD4AC100DFED7F /* ShimmerCollectionViewCell.swift in Sources */ = {isa = PBXBuildFile; fileRef = BA6D92122BDD4AC100DFED7F /* ShimmerCollectionViewCell.swift */; };
		BA6D92152BDD580100DFED7F /* UIView + Extension.swift in Sources */ = {isa = PBXBuildFile; fileRef = BA6D92142BDD580100DFED7F /* UIView + Extension.swift */; };
		BA6D92172BDD635400DFED7F /* ShimmerTableViewCell.swift in Sources */ = {isa = PBXBuildFile; fileRef = BA6D92162BDD635400DFED7F /* ShimmerTableViewCell.swift */; };
		BA6D92192BDD775600DFED7F /* FavoritesService.swift in Sources */ = {isa = PBXBuildFile; fileRef = BA6D92182BDD775600DFED7F /* FavoritesService.swift */; };
		BA7567392BDA83B50050FDA9 /* RecommendationCollectionViewCell.swift in Sources */ = {isa = PBXBuildFile; fileRef = BA7567382BDA83B50050FDA9 /* RecommendationCollectionViewCell.swift */; };
		BA9E13C72BDAB41300AC0DC7 /* APIResourceProtocol.swift in Sources */ = {isa = PBXBuildFile; fileRef = BA9E13C62BDAB41300AC0DC7 /* APIResourceProtocol.swift */; };
		BA9E13C92BDAB63E00AC0DC7 /* QuestionsResource.swift in Sources */ = {isa = PBXBuildFile; fileRef = BA9E13C82BDAB63E00AC0DC7 /* QuestionsResource.swift */; };
		BA9E13CB2BDAB79D00AC0DC7 /* DetailsFilmResource.swift in Sources */ = {isa = PBXBuildFile; fileRef = BA9E13CA2BDAB79D00AC0DC7 /* DetailsFilmResource.swift */; };
		BA9E13CD2BDAB87100AC0DC7 /* NetworkRequest.swift in Sources */ = {isa = PBXBuildFile; fileRef = BA9E13CC2BDAB87100AC0DC7 /* NetworkRequest.swift */; };
		BA9E13CF2BDABDB300AC0DC7 /* APIRequest.swift in Sources */ = {isa = PBXBuildFile; fileRef = BA9E13CE2BDABDB300AC0DC7 /* APIRequest.swift */; };
		BAA7E8C62C0623C900A9BBEF /* ListFilmPresenter.swift in Sources */ = {isa = PBXBuildFile; fileRef = BAA7E8C52C0623C900A9BBEF /* ListFilmPresenter.swift */; };
		BAA7E8C82C06264000A9BBEF /* ListFilmInteractor.swift in Sources */ = {isa = PBXBuildFile; fileRef = BAA7E8C72C06264000A9BBEF /* ListFilmInteractor.swift */; };
		BAA7E8CB2C062AF100A9BBEF /* NetworkService2.swift in Sources */ = {isa = PBXBuildFile; fileRef = BAA7E8CA2C062AF100A9BBEF /* NetworkService2.swift */; };
		BAA7E8CF2C0652A600A9BBEF /* ListFilmAssembly.swift in Sources */ = {isa = PBXBuildFile; fileRef = BAA7E8CE2C0652A600A9BBEF /* ListFilmAssembly.swift */; };
		BAA7E8D12C06530200A9BBEF /* ListFilmRouter.swift in Sources */ = {isa = PBXBuildFile; fileRef = BAA7E8D02C06530200A9BBEF /* ListFilmRouter.swift */; };
		BAB2E5F12BD9A00800A7952D /* RequestCreator.swift in Sources */ = {isa = PBXBuildFile; fileRef = BAB2E5F02BD9A00800A7952D /* RequestCreator.swift */; };
		BAB2E5F42BD9A51C00A7952D /* DetailsFilmDto.swift in Sources */ = {isa = PBXBuildFile; fileRef = BAB2E5F32BD9A51C00A7952D /* DetailsFilmDto.swift */; };
		BAB826B02C08D5DE00AA11BF /* DetailsFilmAssembly.swift in Sources */ = {isa = PBXBuildFile; fileRef = BAB826AF2C08D5DE00AA11BF /* DetailsFilmAssembly.swift */; };
		BAB826B22C08D6A000AA11BF /* DetailsFilmRouter.swift in Sources */ = {isa = PBXBuildFile; fileRef = BAB826B12C08D6A000AA11BF /* DetailsFilmRouter.swift */; };
		BAB826B52C08EC0400AA11BF /* ShimmerEffect.swift in Sources */ = {isa = PBXBuildFile; fileRef = BAB826B42C08EC0400AA11BF /* ShimmerEffect.swift */; };
		BAB826B72C08ED7B00AA11BF /* ShimmerPlaceholderView.swift in Sources */ = {isa = PBXBuildFile; fileRef = BAB826B62C08ED7B00AA11BF /* ShimmerPlaceholderView.swift */; };
		BABF4AAC2BD67CC8006A8C03 /* AppDelegate.swift in Sources */ = {isa = PBXBuildFile; fileRef = BABF4AAB2BD67CC8006A8C03 /* AppDelegate.swift */; };
		BABF4AAE2BD67CC8006A8C03 /* SceneDelegate.swift in Sources */ = {isa = PBXBuildFile; fileRef = BABF4AAD2BD67CC8006A8C03 /* SceneDelegate.swift */; };
		BABF4AB02BD67CC8006A8C03 /* ListFilmsController.swift in Sources */ = {isa = PBXBuildFile; fileRef = BABF4AAF2BD67CC8006A8C03 /* ListFilmsController.swift */; };
		BABF4AB32BD67CC8006A8C03 /* Main.storyboard in Resources */ = {isa = PBXBuildFile; fileRef = BABF4AB12BD67CC8006A8C03 /* Main.storyboard */; };
		BABF4AB52BD67CC9006A8C03 /* Assets.xcassets in Resources */ = {isa = PBXBuildFile; fileRef = BABF4AB42BD67CC9006A8C03 /* Assets.xcassets */; };
		BABF4AB82BD67CC9006A8C03 /* LaunchScreen.storyboard in Resources */ = {isa = PBXBuildFile; fileRef = BABF4AB62BD67CC9006A8C03 /* LaunchScreen.storyboard */; };
		BABF4AC32BD67CC9006A8C03 /* CinemaStarMVVMTests.swift in Sources */ = {isa = PBXBuildFile; fileRef = BABF4AC22BD67CC9006A8C03 /* CinemaStarMVVMTests.swift */; };
		BABF4ACD2BD67CC9006A8C03 /* CinemaStarMVVMUITests.swift in Sources */ = {isa = PBXBuildFile; fileRef = BABF4ACC2BD67CC9006A8C03 /* CinemaStarMVVMUITests.swift */; };
		BABF4ACF2BD67CC9006A8C03 /* CinemaStarMVVMUITestsLaunchTests.swift in Sources */ = {isa = PBXBuildFile; fileRef = BABF4ACE2BD67CC9006A8C03 /* CinemaStarMVVMUITestsLaunchTests.swift */; };
		BABF4AE32BD6A9AD006A8C03 /* FilmCell.swift in Sources */ = {isa = PBXBuildFile; fileRef = BABF4AE22BD6A9AD006A8C03 /* FilmCell.swift */; };
		BACE0C402BD7D71900DA077D /* UIImageView + Extension.swift in Sources */ = {isa = PBXBuildFile; fileRef = BACE0C3F2BD7D71900DA077D /* UIImageView + Extension.swift */; };
		BACE0C422BD7D77100DA077D /* LoadImageService.swift in Sources */ = {isa = PBXBuildFile; fileRef = BACE0C412BD7D77100DA077D /* LoadImageService.swift */; };
		BACE0C442BD7D79300DA077D /* LoadServiceProtocol.swift in Sources */ = {isa = PBXBuildFile; fileRef = BACE0C432BD7D79300DA077D /* LoadServiceProtocol.swift */; };
		BACE0C472BD7D7FC00DA077D /* HandlerImage.swift in Sources */ = {isa = PBXBuildFile; fileRef = BACE0C462BD7D7FC00DA077D /* HandlerImage.swift */; };
		BACE0C492BD7D81600DA077D /* ImageLoadingError.swift in Sources */ = {isa = PBXBuildFile; fileRef = BACE0C482BD7D81600DA077D /* ImageLoadingError.swift */; };
		BACE0C4C2BD80B6E00DA077D /* StateView.swift in Sources */ = {isa = PBXBuildFile; fileRef = BACE0C4B2BD80B6E00DA077D /* StateView.swift */; };
		BACE0C4E2BD80EB200DA077D /* ListFilmsViewModel.swift in Sources */ = {isa = PBXBuildFile; fileRef = BACE0C4D2BD80EB200DA077D /* ListFilmsViewModel.swift */; };
		BACE0C502BD8187200DA077D /* AppBuilder.swift in Sources */ = {isa = PBXBuildFile; fileRef = BACE0C4F2BD8187200DA077D /* AppBuilder.swift */; };
		BACE0C532BD8192500DA077D /* BaseCoordinator.swift in Sources */ = {isa = PBXBuildFile; fileRef = BACE0C522BD8192500DA077D /* BaseCoordinator.swift */; };
		BACE0C552BD8196500DA077D /* AppCoordinator.swift in Sources */ = {isa = PBXBuildFile; fileRef = BACE0C542BD8196500DA077D /* AppCoordinator.swift */; };
		BACE0C572BD81AD800DA077D /* ListFilmsCoordinator.swift in Sources */ = {isa = PBXBuildFile; fileRef = BACE0C562BD81AD800DA077D /* ListFilmsCoordinator.swift */; };
		BACE0C592BD81B8900DA077D /* VoidHandler.swift in Sources */ = {isa = PBXBuildFile; fileRef = BACE0C582BD81B8900DA077D /* VoidHandler.swift */; };
		BACE0C5B2BD8240C00DA077D /* DetailsFilmCoordinator.swift in Sources */ = {isa = PBXBuildFile; fileRef = BACE0C5A2BD8240C00DA077D /* DetailsFilmCoordinator.swift */; };
		BAE5F8D32C0884C500B74603 /* DetailsFilmPresenter.swift in Sources */ = {isa = PBXBuildFile; fileRef = BAE5F8D22C0884C500B74603 /* DetailsFilmPresenter.swift */; };
		BAE5F8D52C0885E900B74603 /* DetailsFilmInteractor.swift in Sources */ = {isa = PBXBuildFile; fileRef = BAE5F8D42C0885E900B74603 /* DetailsFilmInteractor.swift */; };
		BAF40DAB2BD94349008B7D1A /* DetailsFilmViewModel.swift in Sources */ = {isa = PBXBuildFile; fileRef = BAF40DAA2BD94349008B7D1A /* DetailsFilmViewModel.swift */; };
		BAF40DAE2BD94DA9008B7D1A /* DetailsFilmCommonInfo.swift in Sources */ = {isa = PBXBuildFile; fileRef = BAF40DAD2BD94DA9008B7D1A /* DetailsFilmCommonInfo.swift */; };
		BAF40DB02BD9599A008B7D1A /* DetailsFilmStateView.swift in Sources */ = {isa = PBXBuildFile; fileRef = BAF40DAF2BD9599A008B7D1A /* DetailsFilmStateView.swift */; };
		BAF40DB32BD97431008B7D1A /* CastAndCrewCollectionViewCell.swift in Sources */ = {isa = PBXBuildFile; fileRef = BAF40DB22BD97431008B7D1A /* CastAndCrewCollectionViewCell.swift */; };
/* End PBXBuildFile section */

/* Begin PBXContainerItemProxy section */
		BA1E13962BDBCF540073B876 /* PBXContainerItemProxy */ = {
			isa = PBXContainerItemProxy;
			containerPortal = BABF4AA02BD67CC8006A8C03 /* Project object */;
			proxyType = 1;
			remoteGlobalIDString = BABF4AA72BD67CC8006A8C03;
			remoteInfo = CinemaStarMVVM;
		};
		BABF4ABF2BD67CC9006A8C03 /* PBXContainerItemProxy */ = {
			isa = PBXContainerItemProxy;
			containerPortal = BABF4AA02BD67CC8006A8C03 /* Project object */;
			proxyType = 1;
			remoteGlobalIDString = BABF4AA72BD67CC8006A8C03;
			remoteInfo = CinemaStarMVVM;
		};
		BABF4AC92BD67CC9006A8C03 /* PBXContainerItemProxy */ = {
			isa = PBXContainerItemProxy;
			containerPortal = BABF4AA02BD67CC8006A8C03 /* Project object */;
			proxyType = 1;
			remoteGlobalIDString = BABF4AA72BD67CC8006A8C03;
			remoteInfo = CinemaStarMVVM;
		};
/* End PBXContainerItemProxy section */

/* Begin PBXFileReference section */
		BA0E6DD12C04E2AB0086A383 /* ListFilmsView.swift */ = {isa = PBXFileReference; lastKnownFileType = sourcecode.swift; path = ListFilmsView.swift; sourceTree = "<group>"; };
		BA0E6DD52C04EA960086A383 /* RequestCreator2.swift */ = {isa = PBXFileReference; lastKnownFileType = sourcecode.swift; path = RequestCreator2.swift; sourceTree = "<group>"; };
		BA0E6DD72C04FEB50086A383 /* DetailsFilmView.swift */ = {isa = PBXFileReference; lastKnownFileType = sourcecode.swift; path = DetailsFilmView.swift; sourceTree = "<group>"; };
		BA1E13922BDBCF540073B876 /* CinemaStarMVVMUnitTests.xctest */ = {isa = PBXFileReference; explicitFileType = wrapper.cfbundle; includeInIndex = 0; path = CinemaStarMVVMUnitTests.xctest; sourceTree = BUILT_PRODUCTS_DIR; };
		BA1E13942BDBCF540073B876 /* CinemaStarMVVMUnitTests.swift */ = {isa = PBXFileReference; lastKnownFileType = sourcecode.swift; path = CinemaStarMVVMUnitTests.swift; sourceTree = "<group>"; };
		BA1F50B32BD8E97100405A77 /* PosterAndRatingCell.swift */ = {isa = PBXFileReference; lastKnownFileType = sourcecode.swift; path = PosterAndRatingCell.swift; sourceTree = "<group>"; };
		BA1FD10B2C0CB69500BA90F8 /* ListFilmsInteractorTests.swift */ = {isa = PBXFileReference; lastKnownFileType = sourcecode.swift; path = ListFilmsInteractorTests.swift; sourceTree = "<group>"; };
		BA1FD10E2C0CB73100BA90F8 /* MockPresenter.swift */ = {isa = PBXFileReference; lastKnownFileType = sourcecode.swift; path = MockPresenter.swift; sourceTree = "<group>"; };
		BA1FD1102C0CB7EC00BA90F8 /* MockNetworkService.swift */ = {isa = PBXFileReference; lastKnownFileType = sourcecode.swift; path = MockNetworkService.swift; sourceTree = "<group>"; };
		BA1FD1122C0CC1A500BA90F8 /* InteractorTests.swift */ = {isa = PBXFileReference; lastKnownFileType = sourcecode.swift; path = InteractorTests.swift; sourceTree = "<group>"; };
		BA1FD1142C0CC45800BA90F8 /* MockInteractor.swift */ = {isa = PBXFileReference; lastKnownFileType = sourcecode.swift; path = MockInteractor.swift; sourceTree = "<group>"; };
		BA3B356E2BD6F3FA001A9F29 /* FilmsCommonInfo.swift */ = {isa = PBXFileReference; lastKnownFileType = sourcecode.swift; path = FilmsCommonInfo.swift; sourceTree = "<group>"; };
		BA3B35712BD6F43A001A9F29 /* CinemaStarDTO.swift */ = {isa = PBXFileReference; lastKnownFileType = sourcecode.swift; path = CinemaStarDTO.swift; sourceTree = "<group>"; };
		BA3B35732BD6F6E2001A9F29 /* NetworkService.swift */ = {isa = PBXFileReference; lastKnownFileType = sourcecode.swift; path = NetworkService.swift; sourceTree = "<group>"; };
		BA57018C2BD796FA006C7586 /* DetailsFilmViewController.swift */ = {isa = PBXFileReference; lastKnownFileType = sourcecode.swift; path = DetailsFilmViewController.swift; sourceTree = "<group>"; };
		BA57018F2BD79D38006C7586 /* DetailedDescriptionCell.swift */ = {isa = PBXFileReference; lastKnownFileType = sourcecode.swift; path = DetailedDescriptionCell.swift; sourceTree = "<group>"; };
		BA5701912BD79ECB006C7586 /* CastAndCrewTableViewCell.swift */ = {isa = PBXFileReference; lastKnownFileType = sourcecode.swift; path = CastAndCrewTableViewCell.swift; sourceTree = "<group>"; };
		BA5701932BD79F1F006C7586 /* RecommendationTableViewCell.swift */ = {isa = PBXFileReference; lastKnownFileType = sourcecode.swift; path = RecommendationTableViewCell.swift; sourceTree = "<group>"; };
		BA628A332C0A3B000015FC16 /* CinemaStarDataBase.xcdatamodel */ = {isa = PBXFileReference; lastKnownFileType = wrapper.xcdatamodel; path = CinemaStarDataBase.xcdatamodel; sourceTree = "<group>"; };
		BA628A352C0A3B7C0015FC16 /* Film+CoreDataClass.swift */ = {isa = PBXFileReference; lastKnownFileType = sourcecode.swift; path = "Film+CoreDataClass.swift"; sourceTree = "<group>"; };
		BA628A362C0A3B7C0015FC16 /* Film+CoreDataProperties.swift */ = {isa = PBXFileReference; lastKnownFileType = sourcecode.swift; path = "Film+CoreDataProperties.swift"; sourceTree = "<group>"; };
		BA628A392C0A3DAD0015FC16 /* CoreDataManager.swift */ = {isa = PBXFileReference; lastKnownFileType = sourcecode.swift; path = CoreDataManager.swift; sourceTree = "<group>"; };
		BA6D92122BDD4AC100DFED7F /* ShimmerCollectionViewCell.swift */ = {isa = PBXFileReference; lastKnownFileType = sourcecode.swift; path = ShimmerCollectionViewCell.swift; sourceTree = "<group>"; };
		BA6D92142BDD580100DFED7F /* UIView + Extension.swift */ = {isa = PBXFileReference; lastKnownFileType = sourcecode.swift; path = "UIView + Extension.swift"; sourceTree = "<group>"; };
		BA6D92162BDD635400DFED7F /* ShimmerTableViewCell.swift */ = {isa = PBXFileReference; lastKnownFileType = sourcecode.swift; path = ShimmerTableViewCell.swift; sourceTree = "<group>"; };
		BA6D92182BDD775600DFED7F /* FavoritesService.swift */ = {isa = PBXFileReference; lastKnownFileType = sourcecode.swift; path = FavoritesService.swift; sourceTree = "<group>"; };
		BA7567382BDA83B50050FDA9 /* RecommendationCollectionViewCell.swift */ = {isa = PBXFileReference; lastKnownFileType = sourcecode.swift; path = RecommendationCollectionViewCell.swift; sourceTree = "<group>"; };
		BA9E13C62BDAB41300AC0DC7 /* APIResourceProtocol.swift */ = {isa = PBXFileReference; lastKnownFileType = sourcecode.swift; path = APIResourceProtocol.swift; sourceTree = "<group>"; };
		BA9E13C82BDAB63E00AC0DC7 /* QuestionsResource.swift */ = {isa = PBXFileReference; lastKnownFileType = sourcecode.swift; path = QuestionsResource.swift; sourceTree = "<group>"; };
		BA9E13CA2BDAB79D00AC0DC7 /* DetailsFilmResource.swift */ = {isa = PBXFileReference; lastKnownFileType = sourcecode.swift; path = DetailsFilmResource.swift; sourceTree = "<group>"; };
		BA9E13CC2BDAB87100AC0DC7 /* NetworkRequest.swift */ = {isa = PBXFileReference; lastKnownFileType = sourcecode.swift; path = NetworkRequest.swift; sourceTree = "<group>"; };
		BA9E13CE2BDABDB300AC0DC7 /* APIRequest.swift */ = {isa = PBXFileReference; lastKnownFileType = sourcecode.swift; path = APIRequest.swift; sourceTree = "<group>"; };
		BAA7E8C52C0623C900A9BBEF /* ListFilmPresenter.swift */ = {isa = PBXFileReference; lastKnownFileType = sourcecode.swift; path = ListFilmPresenter.swift; sourceTree = "<group>"; };
		BAA7E8C72C06264000A9BBEF /* ListFilmInteractor.swift */ = {isa = PBXFileReference; lastKnownFileType = sourcecode.swift; path = ListFilmInteractor.swift; sourceTree = "<group>"; };
		BAA7E8CA2C062AF100A9BBEF /* NetworkService2.swift */ = {isa = PBXFileReference; lastKnownFileType = sourcecode.swift; path = NetworkService2.swift; sourceTree = "<group>"; };
		BAA7E8CE2C0652A600A9BBEF /* ListFilmAssembly.swift */ = {isa = PBXFileReference; lastKnownFileType = sourcecode.swift; path = ListFilmAssembly.swift; sourceTree = "<group>"; };
		BAA7E8D02C06530200A9BBEF /* ListFilmRouter.swift */ = {isa = PBXFileReference; lastKnownFileType = sourcecode.swift; path = ListFilmRouter.swift; sourceTree = "<group>"; };
		BAB2E5F02BD9A00800A7952D /* RequestCreator.swift */ = {isa = PBXFileReference; lastKnownFileType = sourcecode.swift; path = RequestCreator.swift; sourceTree = "<group>"; };
		BAB2E5F32BD9A51C00A7952D /* DetailsFilmDto.swift */ = {isa = PBXFileReference; lastKnownFileType = sourcecode.swift; path = DetailsFilmDto.swift; sourceTree = "<group>"; };
		BAB826AF2C08D5DE00AA11BF /* DetailsFilmAssembly.swift */ = {isa = PBXFileReference; lastKnownFileType = sourcecode.swift; path = DetailsFilmAssembly.swift; sourceTree = "<group>"; };
		BAB826B12C08D6A000AA11BF /* DetailsFilmRouter.swift */ = {isa = PBXFileReference; lastKnownFileType = sourcecode.swift; path = DetailsFilmRouter.swift; sourceTree = "<group>"; };
		BAB826B42C08EC0400AA11BF /* ShimmerEffect.swift */ = {isa = PBXFileReference; lastKnownFileType = sourcecode.swift; path = ShimmerEffect.swift; sourceTree = "<group>"; };
		BAB826B62C08ED7B00AA11BF /* ShimmerPlaceholderView.swift */ = {isa = PBXFileReference; lastKnownFileType = sourcecode.swift; path = ShimmerPlaceholderView.swift; sourceTree = "<group>"; };
		BABF4AA82BD67CC8006A8C03 /* CinemaStarMVVM.app */ = {isa = PBXFileReference; explicitFileType = wrapper.application; includeInIndex = 0; path = CinemaStarMVVM.app; sourceTree = BUILT_PRODUCTS_DIR; };
		BABF4AAB2BD67CC8006A8C03 /* AppDelegate.swift */ = {isa = PBXFileReference; lastKnownFileType = sourcecode.swift; path = AppDelegate.swift; sourceTree = "<group>"; };
		BABF4AAD2BD67CC8006A8C03 /* SceneDelegate.swift */ = {isa = PBXFileReference; lastKnownFileType = sourcecode.swift; path = SceneDelegate.swift; sourceTree = "<group>"; };
		BABF4AAF2BD67CC8006A8C03 /* ListFilmsController.swift */ = {isa = PBXFileReference; lastKnownFileType = sourcecode.swift; path = ListFilmsController.swift; sourceTree = "<group>"; };
		BABF4AB22BD67CC8006A8C03 /* Base */ = {isa = PBXFileReference; lastKnownFileType = file.storyboard; name = Base; path = Base.lproj/Main.storyboard; sourceTree = "<group>"; };
		BABF4AB42BD67CC9006A8C03 /* Assets.xcassets */ = {isa = PBXFileReference; lastKnownFileType = folder.assetcatalog; path = Assets.xcassets; sourceTree = "<group>"; };
		BABF4AB72BD67CC9006A8C03 /* Base */ = {isa = PBXFileReference; lastKnownFileType = file.storyboard; name = Base; path = Base.lproj/LaunchScreen.storyboard; sourceTree = "<group>"; };
		BABF4AB92BD67CC9006A8C03 /* Info.plist */ = {isa = PBXFileReference; lastKnownFileType = text.plist.xml; path = Info.plist; sourceTree = "<group>"; };
		BABF4ABE2BD67CC9006A8C03 /* CinemaStarMVVMTests.xctest */ = {isa = PBXFileReference; explicitFileType = wrapper.cfbundle; includeInIndex = 0; path = CinemaStarMVVMTests.xctest; sourceTree = BUILT_PRODUCTS_DIR; };
		BABF4AC22BD67CC9006A8C03 /* CinemaStarMVVMTests.swift */ = {isa = PBXFileReference; lastKnownFileType = sourcecode.swift; path = CinemaStarMVVMTests.swift; sourceTree = "<group>"; };
		BABF4AC82BD67CC9006A8C03 /* CinemaStarMVVMUITests.xctest */ = {isa = PBXFileReference; explicitFileType = wrapper.cfbundle; includeInIndex = 0; path = CinemaStarMVVMUITests.xctest; sourceTree = BUILT_PRODUCTS_DIR; };
		BABF4ACC2BD67CC9006A8C03 /* CinemaStarMVVMUITests.swift */ = {isa = PBXFileReference; lastKnownFileType = sourcecode.swift; path = CinemaStarMVVMUITests.swift; sourceTree = "<group>"; };
		BABF4ACE2BD67CC9006A8C03 /* CinemaStarMVVMUITestsLaunchTests.swift */ = {isa = PBXFileReference; lastKnownFileType = sourcecode.swift; path = CinemaStarMVVMUITestsLaunchTests.swift; sourceTree = "<group>"; };
		BABF4AE22BD6A9AD006A8C03 /* FilmCell.swift */ = {isa = PBXFileReference; lastKnownFileType = sourcecode.swift; path = FilmCell.swift; sourceTree = "<group>"; };
		BACE0C3F2BD7D71900DA077D /* UIImageView + Extension.swift */ = {isa = PBXFileReference; lastKnownFileType = sourcecode.swift; path = "UIImageView + Extension.swift"; sourceTree = "<group>"; };
		BACE0C412BD7D77100DA077D /* LoadImageService.swift */ = {isa = PBXFileReference; lastKnownFileType = sourcecode.swift; path = LoadImageService.swift; sourceTree = "<group>"; };
		BACE0C432BD7D79300DA077D /* LoadServiceProtocol.swift */ = {isa = PBXFileReference; lastKnownFileType = sourcecode.swift; path = LoadServiceProtocol.swift; sourceTree = "<group>"; };
		BACE0C462BD7D7FC00DA077D /* HandlerImage.swift */ = {isa = PBXFileReference; lastKnownFileType = sourcecode.swift; path = HandlerImage.swift; sourceTree = "<group>"; };
		BACE0C482BD7D81600DA077D /* ImageLoadingError.swift */ = {isa = PBXFileReference; lastKnownFileType = sourcecode.swift; path = ImageLoadingError.swift; sourceTree = "<group>"; };
		BACE0C4B2BD80B6E00DA077D /* StateView.swift */ = {isa = PBXFileReference; lastKnownFileType = sourcecode.swift; path = StateView.swift; sourceTree = "<group>"; };
		BACE0C4D2BD80EB200DA077D /* ListFilmsViewModel.swift */ = {isa = PBXFileReference; lastKnownFileType = sourcecode.swift; path = ListFilmsViewModel.swift; sourceTree = "<group>"; };
		BACE0C4F2BD8187200DA077D /* AppBuilder.swift */ = {isa = PBXFileReference; lastKnownFileType = sourcecode.swift; path = AppBuilder.swift; sourceTree = "<group>"; };
		BACE0C522BD8192500DA077D /* BaseCoordinator.swift */ = {isa = PBXFileReference; lastKnownFileType = sourcecode.swift; path = BaseCoordinator.swift; sourceTree = "<group>"; };
		BACE0C542BD8196500DA077D /* AppCoordinator.swift */ = {isa = PBXFileReference; lastKnownFileType = sourcecode.swift; path = AppCoordinator.swift; sourceTree = "<group>"; };
		BACE0C562BD81AD800DA077D /* ListFilmsCoordinator.swift */ = {isa = PBXFileReference; lastKnownFileType = sourcecode.swift; path = ListFilmsCoordinator.swift; sourceTree = "<group>"; };
		BACE0C582BD81B8900DA077D /* VoidHandler.swift */ = {isa = PBXFileReference; lastKnownFileType = sourcecode.swift; path = VoidHandler.swift; sourceTree = "<group>"; };
		BACE0C5A2BD8240C00DA077D /* DetailsFilmCoordinator.swift */ = {isa = PBXFileReference; lastKnownFileType = sourcecode.swift; path = DetailsFilmCoordinator.swift; sourceTree = "<group>"; };
		BAE5F8D22C0884C500B74603 /* DetailsFilmPresenter.swift */ = {isa = PBXFileReference; lastKnownFileType = sourcecode.swift; path = DetailsFilmPresenter.swift; sourceTree = "<group>"; };
		BAE5F8D42C0885E900B74603 /* DetailsFilmInteractor.swift */ = {isa = PBXFileReference; lastKnownFileType = sourcecode.swift; path = DetailsFilmInteractor.swift; sourceTree = "<group>"; };
		BAF40DAA2BD94349008B7D1A /* DetailsFilmViewModel.swift */ = {isa = PBXFileReference; lastKnownFileType = sourcecode.swift; path = DetailsFilmViewModel.swift; sourceTree = "<group>"; };
		BAF40DAD2BD94DA9008B7D1A /* DetailsFilmCommonInfo.swift */ = {isa = PBXFileReference; lastKnownFileType = sourcecode.swift; path = DetailsFilmCommonInfo.swift; sourceTree = "<group>"; };
		BAF40DAF2BD9599A008B7D1A /* DetailsFilmStateView.swift */ = {isa = PBXFileReference; lastKnownFileType = sourcecode.swift; path = DetailsFilmStateView.swift; sourceTree = "<group>"; };
		BAF40DB22BD97431008B7D1A /* CastAndCrewCollectionViewCell.swift */ = {isa = PBXFileReference; lastKnownFileType = sourcecode.swift; path = CastAndCrewCollectionViewCell.swift; sourceTree = "<group>"; };
/* End PBXFileReference section */

/* Begin PBXFrameworksBuildPhase section */
		BA1E138F2BDBCF540073B876 /* Frameworks */ = {
			isa = PBXFrameworksBuildPhase;
			buildActionMask = 2147483647;
			files = (
			);
			runOnlyForDeploymentPostprocessing = 0;
		};
		BABF4AA52BD67CC8006A8C03 /* Frameworks */ = {
			isa = PBXFrameworksBuildPhase;
			buildActionMask = 2147483647;
			files = (
				BA6D92112BDD132900DFED7F /* KeychainSwift in Frameworks */,
			);
			runOnlyForDeploymentPostprocessing = 0;
		};
		BABF4ABB2BD67CC9006A8C03 /* Frameworks */ = {
			isa = PBXFrameworksBuildPhase;
			buildActionMask = 2147483647;
			files = (
			);
			runOnlyForDeploymentPostprocessing = 0;
		};
		BABF4AC52BD67CC9006A8C03 /* Frameworks */ = {
			isa = PBXFrameworksBuildPhase;
			buildActionMask = 2147483647;
			files = (
			);
			runOnlyForDeploymentPostprocessing = 0;
		};
/* End PBXFrameworksBuildPhase section */

/* Begin PBXGroup section */
		BA1E13932BDBCF540073B876 /* CinemaStarMVVMUnitTests */ = {
			isa = PBXGroup;
			children = (
				BA1E13942BDBCF540073B876 /* CinemaStarMVVMUnitTests.swift */,
			);
			path = CinemaStarMVVMUnitTests;
			sourceTree = "<group>";
		};
		BA1FD10D2C0CB70700BA90F8 /* ListFilmsTestsVIPER */ = {
			isa = PBXGroup;
			children = (
				BA1FD10B2C0CB69500BA90F8 /* ListFilmsInteractorTests.swift */,
				BA1FD1122C0CC1A500BA90F8 /* InteractorTests.swift */,
				BA1FD1142C0CC45800BA90F8 /* MockInteractor.swift */,
				BA1FD10E2C0CB73100BA90F8 /* MockPresenter.swift */,
				BA1FD1102C0CB7EC00BA90F8 /* MockNetworkService.swift */,
			);
			path = ListFilmsTestsVIPER;
			sourceTree = "<group>";
		};
		BA3B356D2BD6F3C6001A9F29 /* Model */ = {
			isa = PBXGroup;
			children = (
			);
			path = Model;
			sourceTree = "<group>";
		};
		BA3B35702BD6F418001A9F29 /* DTO */ = {
			isa = PBXGroup;
			children = (
				BAB2E5F22BD9A4FD00A7952D /* ListFilmDto */,
				BAB2E5F52BD9A52200A7952D /* DetailsFilmDto */,
			);
			path = DTO;
			sourceTree = "<group>";
		};
		BA3B35752BD6F6FA001A9F29 /* ServicesMVVMModules */ = {
			isa = PBXGroup;
			children = (
				BA3B35732BD6F6E2001A9F29 /* NetworkService.swift */,
				BA6D92182BDD775600DFED7F /* FavoritesService.swift */,
				BA0E6DD52C04EA960086A383 /* RequestCreator2.swift */,
				BA9E13C52BDAB39100AC0DC7 /* NetworkServicePOP */,
				BACE0C452BD7D7CA00DA077D /* LoadingImageService */,
			);
			path = ServicesMVVMModules;
			sourceTree = "<group>";
		};
		BA5701872BD79580006C7586 /* Modules */ = {
			isa = PBXGroup;
			children = (
				BA5701882BD795D7006C7586 /* ListFilms */,
				BA5701892BD795E5006C7586 /* DetailsFilm */,
			);
			path = Modules;
			sourceTree = "<group>";
		};
		BA5701882BD795D7006C7586 /* ListFilms */ = {
			isa = PBXGroup;
			children = (
				BA3B356D2BD6F3C6001A9F29 /* Model */,
				BABF4AE02BD68F00006A8C03 /* View */,
				BA57018A2BD79630006C7586 /* ViewModel */,
			);
			path = ListFilms;
			sourceTree = "<group>";
		};
		BA5701892BD795E5006C7586 /* DetailsFilm */ = {
			isa = PBXGroup;
			children = (
				BAF40DAC2BD94D92008B7D1A /* Model */,
				BA57018B2BD796CE006C7586 /* View */,
				BAF40DA92BD94328008B7D1A /* ViewModel */,
			);
			path = DetailsFilm;
			sourceTree = "<group>";
		};
		BA57018A2BD79630006C7586 /* ViewModel */ = {
			isa = PBXGroup;
			children = (
				BACE0C4D2BD80EB200DA077D /* ListFilmsViewModel.swift */,
			);
			path = ViewModel;
			sourceTree = "<group>";
		};
		BA57018B2BD796CE006C7586 /* View */ = {
			isa = PBXGroup;
			children = (
				BA57018C2BD796FA006C7586 /* DetailsFilmViewController.swift */,
				BA57018E2BD79CB2006C7586 /* Cells */,
			);
			path = View;
			sourceTree = "<group>";
		};
		BA57018E2BD79CB2006C7586 /* Cells */ = {
			isa = PBXGroup;
			children = (
				BA1F50B32BD8E97100405A77 /* PosterAndRatingCell.swift */,
				BA6D92162BDD635400DFED7F /* ShimmerTableViewCell.swift */,
				BA57018F2BD79D38006C7586 /* DetailedDescriptionCell.swift */,
				BAF40DB12BD97243008B7D1A /* CastAndCrewCell */,
				BA7567372BDA825D0050FDA9 /* RecommendationCell */,
			);
			path = Cells;
			sourceTree = "<group>";
		};
		BA7567372BDA825D0050FDA9 /* RecommendationCell */ = {
			isa = PBXGroup;
			children = (
				BA5701932BD79F1F006C7586 /* RecommendationTableViewCell.swift */,
				BA7567382BDA83B50050FDA9 /* RecommendationCollectionViewCell.swift */,
			);
			path = RecommendationCell;
			sourceTree = "<group>";
		};
		BA9E13C52BDAB39100AC0DC7 /* NetworkServicePOP */ = {
			isa = PBXGroup;
			children = (
				BA9E13C62BDAB41300AC0DC7 /* APIResourceProtocol.swift */,
				BA9E13C82BDAB63E00AC0DC7 /* QuestionsResource.swift */,
				BA9E13CA2BDAB79D00AC0DC7 /* DetailsFilmResource.swift */,
				BA9E13CC2BDAB87100AC0DC7 /* NetworkRequest.swift */,
				BA9E13CE2BDABDB300AC0DC7 /* APIRequest.swift */,
			);
			path = NetworkServicePOP;
			sourceTree = "<group>";
		};
		BAA7E8BF2C0621FF00A9BBEF /* ListFilmsModule */ = {
			isa = PBXGroup;
			children = (
				BAA7E8CD2C06526D00A9BBEF /* Assembly */,
				BAA7E8C42C06228C00A9BBEF /* Router */,
				BAA7E8C32C06227800A9BBEF /* Entity */,
				BAA7E8C22C06226B00A9BBEF /* Presenter */,
				BAA7E8C12C06223000A9BBEF /* Interactor */,
				BAA7E8C02C06221E00A9BBEF /* View */,
			);
			path = ListFilmsModule;
			sourceTree = "<group>";
		};
		BAA7E8C02C06221E00A9BBEF /* View */ = {
			isa = PBXGroup;
			children = (
				BAB826B62C08ED7B00AA11BF /* ShimmerPlaceholderView.swift */,
				BA0E6DD12C04E2AB0086A383 /* ListFilmsView.swift */,
			);
			path = View;
			sourceTree = "<group>";
		};
		BAA7E8C12C06223000A9BBEF /* Interactor */ = {
			isa = PBXGroup;
			children = (
				BAA7E8C72C06264000A9BBEF /* ListFilmInteractor.swift */,
			);
			path = Interactor;
			sourceTree = "<group>";
		};
		BAA7E8C22C06226B00A9BBEF /* Presenter */ = {
			isa = PBXGroup;
			children = (
				BAA7E8C52C0623C900A9BBEF /* ListFilmPresenter.swift */,
			);
			path = Presenter;
			sourceTree = "<group>";
		};
		BAA7E8C32C06227800A9BBEF /* Entity */ = {
			isa = PBXGroup;
			children = (
				BA3B356E2BD6F3FA001A9F29 /* FilmsCommonInfo.swift */,
			);
			path = Entity;
			sourceTree = "<group>";
		};
		BAA7E8C42C06228C00A9BBEF /* Router */ = {
			isa = PBXGroup;
			children = (
				BAA7E8D02C06530200A9BBEF /* ListFilmRouter.swift */,
			);
			path = Router;
			sourceTree = "<group>";
		};
		BAA7E8C92C062A8000A9BBEF /* NetworkServices */ = {
			isa = PBXGroup;
			children = (
				BAA7E8CA2C062AF100A9BBEF /* NetworkService2.swift */,
			);
			path = NetworkServices;
			sourceTree = "<group>";
		};
		BAA7E8CC2C0650AF00A9BBEF /* Services */ = {
			isa = PBXGroup;
			children = (
				BAE5F8D12C087DEB00B74603 /* RequestCreator */,
				BA3B35752BD6F6FA001A9F29 /* ServicesMVVMModules */,
				BA3B35702BD6F418001A9F29 /* DTO */,
				BAA7E8C92C062A8000A9BBEF /* NetworkServices */,
			);
			name = Services;
			path = ViperModules/ListFilmsModule/Services;
			sourceTree = "<group>";
		};
		BAA7E8CD2C06526D00A9BBEF /* Assembly */ = {
			isa = PBXGroup;
			children = (
				BAA7E8CE2C0652A600A9BBEF /* ListFilmAssembly.swift */,
			);
			path = Assembly;
			sourceTree = "<group>";
		};
		BAB2E5F22BD9A4FD00A7952D /* ListFilmDto */ = {
			isa = PBXGroup;
			children = (
				BA3B35712BD6F43A001A9F29 /* CinemaStarDTO.swift */,
			);
			path = ListFilmDto;
			sourceTree = "<group>";
		};
		BAB2E5F52BD9A52200A7952D /* DetailsFilmDto */ = {
			isa = PBXGroup;
			children = (
				BAB2E5F32BD9A51C00A7952D /* DetailsFilmDto.swift */,
			);
			path = DetailsFilmDto;
			sourceTree = "<group>";
		};
		BAB826AE2C08D5C800AA11BF /* Assembly */ = {
			isa = PBXGroup;
			children = (
				BAB826AF2C08D5DE00AA11BF /* DetailsFilmAssembly.swift */,
			);
			path = Assembly;
			sourceTree = "<group>";
		};
		BAB826B32C08EBE200AA11BF /* Modifiers */ = {
			isa = PBXGroup;
			children = (
				BAB826B42C08EC0400AA11BF /* ShimmerEffect.swift */,
			);
			path = Modifiers;
			sourceTree = "<group>";
		};
		BABF4A9F2BD67CC8006A8C03 = {
			isa = PBXGroup;
			children = (
				BA628A352C0A3B7C0015FC16 /* Film+CoreDataClass.swift */,
				BA628A362C0A3B7C0015FC16 /* Film+CoreDataProperties.swift */,
				BA628A322C0A3B000015FC16 /* CinemaStarDataBase.xcdatamodeld */,
				BABF4AAA2BD67CC8006A8C03 /* CinemaStarMVVM */,
				BABF4AC12BD67CC9006A8C03 /* CinemaStarMVVMTests */,
				BABF4ACB2BD67CC9006A8C03 /* CinemaStarMVVMUITests */,
				BA1E13932BDBCF540073B876 /* CinemaStarMVVMUnitTests */,
				BABF4AA92BD67CC8006A8C03 /* Products */,
			);
			sourceTree = "<group>";
		};
		BABF4AA92BD67CC8006A8C03 /* Products */ = {
			isa = PBXGroup;
			children = (
				BABF4AA82BD67CC8006A8C03 /* CinemaStarMVVM.app */,
				BABF4ABE2BD67CC9006A8C03 /* CinemaStarMVVMTests.xctest */,
				BABF4AC82BD67CC9006A8C03 /* CinemaStarMVVMUITests.xctest */,
				BA1E13922BDBCF540073B876 /* CinemaStarMVVMUnitTests.xctest */,
			);
			name = Products;
			sourceTree = "<group>";
		};
		BABF4AAA2BD67CC8006A8C03 /* CinemaStarMVVM */ = {
			isa = PBXGroup;
			children = (
				BABF4AAB2BD67CC8006A8C03 /* AppDelegate.swift */,
				BA628A392C0A3DAD0015FC16 /* CoreDataManager.swift */,
				BAA7E8CC2C0650AF00A9BBEF /* Services */,
				BAE5F8C92C087BBB00B74603 /* ViperModules */,
				BABF4AAD2BD67CC8006A8C03 /* SceneDelegate.swift */,
				BACE0C4F2BD8187200DA077D /* AppBuilder.swift */,
				BACE0C582BD81B8900DA077D /* VoidHandler.swift */,
				BACE0C512BD8191200DA077D /* Coordinators */,
				BACE0C3E2BD7D6EC00DA077D /* Extensions */,
				BA5701872BD79580006C7586 /* Modules */,
				BACE0C4A2BD7E1A800DA077D /* SupportingFiles */,
			);
			path = CinemaStarMVVM;
			sourceTree = "<group>";
		};
		BABF4AC12BD67CC9006A8C03 /* CinemaStarMVVMTests */ = {
			isa = PBXGroup;
			children = (
				BABF4AC22BD67CC9006A8C03 /* CinemaStarMVVMTests.swift */,
				BA1FD10D2C0CB70700BA90F8 /* ListFilmsTestsVIPER */,
			);
			path = CinemaStarMVVMTests;
			sourceTree = "<group>";
		};
		BABF4ACB2BD67CC9006A8C03 /* CinemaStarMVVMUITests */ = {
			isa = PBXGroup;
			children = (
				BABF4ACC2BD67CC9006A8C03 /* CinemaStarMVVMUITests.swift */,
				BABF4ACE2BD67CC9006A8C03 /* CinemaStarMVVMUITestsLaunchTests.swift */,
			);
			path = CinemaStarMVVMUITests;
			sourceTree = "<group>";
		};
		BABF4AE02BD68F00006A8C03 /* View */ = {
			isa = PBXGroup;
			children = (
				BABF4AAF2BD67CC8006A8C03 /* ListFilmsController.swift */,
				BACE0C4B2BD80B6E00DA077D /* StateView.swift */,
				BABF4AE12BD68F06006A8C03 /* Cell */,
			);
			path = View;
			sourceTree = "<group>";
		};
		BABF4AE12BD68F06006A8C03 /* Cell */ = {
			isa = PBXGroup;
			children = (
				BABF4AE22BD6A9AD006A8C03 /* FilmCell.swift */,
				BA6D92122BDD4AC100DFED7F /* ShimmerCollectionViewCell.swift */,
			);
			path = Cell;
			sourceTree = "<group>";
		};
		BACE0C3E2BD7D6EC00DA077D /* Extensions */ = {
			isa = PBXGroup;
			children = (
				BACE0C3F2BD7D71900DA077D /* UIImageView + Extension.swift */,
				BA6D92142BDD580100DFED7F /* UIView + Extension.swift */,
			);
			path = Extensions;
			sourceTree = "<group>";
		};
		BACE0C452BD7D7CA00DA077D /* LoadingImageService */ = {
			isa = PBXGroup;
			children = (
				BACE0C412BD7D77100DA077D /* LoadImageService.swift */,
				BACE0C432BD7D79300DA077D /* LoadServiceProtocol.swift */,
				BACE0C482BD7D81600DA077D /* ImageLoadingError.swift */,
				BACE0C462BD7D7FC00DA077D /* HandlerImage.swift */,
			);
			path = LoadingImageService;
			sourceTree = "<group>";
		};
		BACE0C4A2BD7E1A800DA077D /* SupportingFiles */ = {
			isa = PBXGroup;
			children = (
				BABF4AB12BD67CC8006A8C03 /* Main.storyboard */,
				BABF4AB42BD67CC9006A8C03 /* Assets.xcassets */,
				BABF4AB62BD67CC9006A8C03 /* LaunchScreen.storyboard */,
				BABF4AB92BD67CC9006A8C03 /* Info.plist */,
			);
			path = SupportingFiles;
			sourceTree = "<group>";
		};
		BACE0C512BD8191200DA077D /* Coordinators */ = {
			isa = PBXGroup;
			children = (
				BACE0C522BD8192500DA077D /* BaseCoordinator.swift */,
				BACE0C542BD8196500DA077D /* AppCoordinator.swift */,
				BACE0C562BD81AD800DA077D /* ListFilmsCoordinator.swift */,
				BACE0C5A2BD8240C00DA077D /* DetailsFilmCoordinator.swift */,
			);
			path = Coordinators;
			sourceTree = "<group>";
		};
		BAE5F8C92C087BBB00B74603 /* ViperModules */ = {
			isa = PBXGroup;
			children = (
				BAB826B32C08EBE200AA11BF /* Modifiers */,
				BAE5F8CA2C087BD800B74603 /* DetailsfilmModule */,
				BAA7E8BF2C0621FF00A9BBEF /* ListFilmsModule */,
			);
			path = ViperModules;
			sourceTree = "<group>";
		};
		BAE5F8CA2C087BD800B74603 /* DetailsfilmModule */ = {
			isa = PBXGroup;
			children = (
				BAB826AE2C08D5C800AA11BF /* Assembly */,
				BAE5F8D02C087D1600B74603 /* View */,
				BAE5F8CF2C087CFA00B74603 /* Interactor */,
				BAE5F8CE2C087CE400B74603 /* Presenter */,
				BAE5F8CD2C087CC900B74603 /* Entity */,
				BAE5F8CC2C087C6600B74603 /* Router */,
			);
			path = DetailsfilmModule;
			sourceTree = "<group>";
		};
		BAE5F8CC2C087C6600B74603 /* Router */ = {
			isa = PBXGroup;
			children = (
				BAB826B12C08D6A000AA11BF /* DetailsFilmRouter.swift */,
			);
			path = Router;
			sourceTree = "<group>";
		};
		BAE5F8CD2C087CC900B74603 /* Entity */ = {
			isa = PBXGroup;
			children = (
				BAF40DAD2BD94DA9008B7D1A /* DetailsFilmCommonInfo.swift */,
			);
			path = Entity;
			sourceTree = "<group>";
		};
		BAE5F8CE2C087CE400B74603 /* Presenter */ = {
			isa = PBXGroup;
			children = (
				BAE5F8D22C0884C500B74603 /* DetailsFilmPresenter.swift */,
			);
			path = Presenter;
			sourceTree = "<group>";
		};
		BAE5F8CF2C087CFA00B74603 /* Interactor */ = {
			isa = PBXGroup;
			children = (
				BAE5F8D42C0885E900B74603 /* DetailsFilmInteractor.swift */,
			);
			path = Interactor;
			sourceTree = "<group>";
		};
		BAE5F8D02C087D1600B74603 /* View */ = {
			isa = PBXGroup;
			children = (
				BA0E6DD72C04FEB50086A383 /* DetailsFilmView.swift */,
			);
			path = View;
			sourceTree = "<group>";
		};
		BAE5F8D12C087DEB00B74603 /* RequestCreator */ = {
			isa = PBXGroup;
			children = (
				BAB2E5F02BD9A00800A7952D /* RequestCreator.swift */,
			);
			path = RequestCreator;
			sourceTree = "<group>";
		};
		BAF40DA92BD94328008B7D1A /* ViewModel */ = {
			isa = PBXGroup;
			children = (
				BAF40DAA2BD94349008B7D1A /* DetailsFilmViewModel.swift */,
				BAF40DAF2BD9599A008B7D1A /* DetailsFilmStateView.swift */,
			);
			path = ViewModel;
			sourceTree = "<group>";
		};
		BAF40DAC2BD94D92008B7D1A /* Model */ = {
			isa = PBXGroup;
			children = (
			);
			path = Model;
			sourceTree = "<group>";
		};
		BAF40DB12BD97243008B7D1A /* CastAndCrewCell */ = {
			isa = PBXGroup;
			children = (
				BA5701912BD79ECB006C7586 /* CastAndCrewTableViewCell.swift */,
				BAF40DB22BD97431008B7D1A /* CastAndCrewCollectionViewCell.swift */,
			);
			path = CastAndCrewCell;
			sourceTree = "<group>";
		};
/* End PBXGroup section */

/* Begin PBXNativeTarget section */
		BA1E13912BDBCF540073B876 /* CinemaStarMVVMUnitTests */ = {
			isa = PBXNativeTarget;
			buildConfigurationList = BA1E139A2BDBCF540073B876 /* Build configuration list for PBXNativeTarget "CinemaStarMVVMUnitTests" */;
			buildPhases = (
				BA1E138E2BDBCF540073B876 /* Sources */,
				BA1E138F2BDBCF540073B876 /* Frameworks */,
				BA1E13902BDBCF540073B876 /* Resources */,
			);
			buildRules = (
			);
			dependencies = (
				BA1E13972BDBCF540073B876 /* PBXTargetDependency */,
			);
			name = CinemaStarMVVMUnitTests;
			productName = CinemaStarMVVMUnitTests;
			productReference = BA1E13922BDBCF540073B876 /* CinemaStarMVVMUnitTests.xctest */;
			productType = "com.apple.product-type.bundle.unit-test";
		};
		BABF4AA72BD67CC8006A8C03 /* CinemaStarMVVM */ = {
			isa = PBXNativeTarget;
			buildConfigurationList = BABF4AD22BD67CC9006A8C03 /* Build configuration list for PBXNativeTarget "CinemaStarMVVM" */;
			buildPhases = (
				BABF4AA42BD67CC8006A8C03 /* Sources */,
				BABF4AA52BD67CC8006A8C03 /* Frameworks */,
				BABF4AA62BD67CC8006A8C03 /* Resources */,
				BABF4ADF2BD6816D006A8C03 /* Swift Format */,
				BABF4ADE2BD67E3F006A8C03 /* Swift Lint */,
			);
			buildRules = (
			);
			dependencies = (
			);
			name = CinemaStarMVVM;
			packageProductDependencies = (
				BA6D92102BDD132900DFED7F /* KeychainSwift */,
			);
			productName = CinemaStarMVVM;
			productReference = BABF4AA82BD67CC8006A8C03 /* CinemaStarMVVM.app */;
			productType = "com.apple.product-type.application";
		};
		BABF4ABD2BD67CC9006A8C03 /* CinemaStarMVVMTests */ = {
			isa = PBXNativeTarget;
			buildConfigurationList = BABF4AD52BD67CC9006A8C03 /* Build configuration list for PBXNativeTarget "CinemaStarMVVMTests" */;
			buildPhases = (
				BABF4ABA2BD67CC9006A8C03 /* Sources */,
				BABF4ABB2BD67CC9006A8C03 /* Frameworks */,
				BABF4ABC2BD67CC9006A8C03 /* Resources */,
			);
			buildRules = (
			);
			dependencies = (
				BABF4AC02BD67CC9006A8C03 /* PBXTargetDependency */,
			);
			name = CinemaStarMVVMTests;
			productName = CinemaStarMVVMTests;
			productReference = BABF4ABE2BD67CC9006A8C03 /* CinemaStarMVVMTests.xctest */;
			productType = "com.apple.product-type.bundle.unit-test";
		};
		BABF4AC72BD67CC9006A8C03 /* CinemaStarMVVMUITests */ = {
			isa = PBXNativeTarget;
			buildConfigurationList = BABF4AD82BD67CC9006A8C03 /* Build configuration list for PBXNativeTarget "CinemaStarMVVMUITests" */;
			buildPhases = (
				BABF4AC42BD67CC9006A8C03 /* Sources */,
				BABF4AC52BD67CC9006A8C03 /* Frameworks */,
				BABF4AC62BD67CC9006A8C03 /* Resources */,
			);
			buildRules = (
			);
			dependencies = (
				BABF4ACA2BD67CC9006A8C03 /* PBXTargetDependency */,
			);
			name = CinemaStarMVVMUITests;
			productName = CinemaStarMVVMUITests;
			productReference = BABF4AC82BD67CC9006A8C03 /* CinemaStarMVVMUITests.xctest */;
			productType = "com.apple.product-type.bundle.ui-testing";
		};
/* End PBXNativeTarget section */

/* Begin PBXProject section */
		BABF4AA02BD67CC8006A8C03 /* Project object */ = {
			isa = PBXProject;
			attributes = {
				BuildIndependentTargetsInParallel = 1;
				LastSwiftUpdateCheck = 1520;
				LastUpgradeCheck = 1520;
				TargetAttributes = {
					BA1E13912BDBCF540073B876 = {
						CreatedOnToolsVersion = 15.2;
						TestTargetID = BABF4AA72BD67CC8006A8C03;
					};
					BABF4AA72BD67CC8006A8C03 = {
						CreatedOnToolsVersion = 15.2;
					};
					BABF4ABD2BD67CC9006A8C03 = {
						CreatedOnToolsVersion = 15.2;
						TestTargetID = BABF4AA72BD67CC8006A8C03;
					};
					BABF4AC72BD67CC9006A8C03 = {
						CreatedOnToolsVersion = 15.2;
						TestTargetID = BABF4AA72BD67CC8006A8C03;
					};
				};
			};
			buildConfigurationList = BABF4AA32BD67CC8006A8C03 /* Build configuration list for PBXProject "CinemaStarMVVM" */;
			compatibilityVersion = "Xcode 14.0";
			developmentRegion = en;
			hasScannedForEncodings = 0;
			knownRegions = (
				en,
				Base,
			);
			mainGroup = BABF4A9F2BD67CC8006A8C03;
			packageReferences = (
				BA6D920F2BDD132900DFED7F /* XCRemoteSwiftPackageReference "keychain-swift" */,
			);
			productRefGroup = BABF4AA92BD67CC8006A8C03 /* Products */;
			projectDirPath = "";
			projectRoot = "";
			targets = (
				BABF4AA72BD67CC8006A8C03 /* CinemaStarMVVM */,
				BABF4ABD2BD67CC9006A8C03 /* CinemaStarMVVMTests */,
				BABF4AC72BD67CC9006A8C03 /* CinemaStarMVVMUITests */,
				BA1E13912BDBCF540073B876 /* CinemaStarMVVMUnitTests */,
			);
		};
/* End PBXProject section */

/* Begin PBXResourcesBuildPhase section */
		BA1E13902BDBCF540073B876 /* Resources */ = {
			isa = PBXResourcesBuildPhase;
			buildActionMask = 2147483647;
			files = (
			);
			runOnlyForDeploymentPostprocessing = 0;
		};
		BABF4AA62BD67CC8006A8C03 /* Resources */ = {
			isa = PBXResourcesBuildPhase;
			buildActionMask = 2147483647;
			files = (
				BABF4AB82BD67CC9006A8C03 /* LaunchScreen.storyboard in Resources */,
				BABF4AB52BD67CC9006A8C03 /* Assets.xcassets in Resources */,
				BABF4AB32BD67CC8006A8C03 /* Main.storyboard in Resources */,
			);
			runOnlyForDeploymentPostprocessing = 0;
		};
		BABF4ABC2BD67CC9006A8C03 /* Resources */ = {
			isa = PBXResourcesBuildPhase;
			buildActionMask = 2147483647;
			files = (
			);
			runOnlyForDeploymentPostprocessing = 0;
		};
		BABF4AC62BD67CC9006A8C03 /* Resources */ = {
			isa = PBXResourcesBuildPhase;
			buildActionMask = 2147483647;
			files = (
			);
			runOnlyForDeploymentPostprocessing = 0;
		};
/* End PBXResourcesBuildPhase section */

/* Begin PBXShellScriptBuildPhase section */
		BABF4ADE2BD67E3F006A8C03 /* Swift Lint */ = {
			isa = PBXShellScriptBuildPhase;
			alwaysOutOfDate = 1;
			buildActionMask = 2147483647;
			files = (
			);
			inputFileListPaths = (
			);
			inputPaths = (
			);
			name = "Swift Lint";
			outputFileListPaths = (
			);
			outputPaths = (
			);
			runOnlyForDeploymentPostprocessing = 0;
			shellPath = /bin/sh;
			shellScript = "

";
			showEnvVarsInLog = 0;
		};
		BABF4ADF2BD6816D006A8C03 /* Swift Format */ = {
			isa = PBXShellScriptBuildPhase;
			alwaysOutOfDate = 1;
			buildActionMask = 2147483647;
			files = (
			);
			inputFileListPaths = (
			);
			inputPaths = (
			);
			name = "Swift Format";
			outputFileListPaths = (
			);
			outputPaths = (
			);
			runOnlyForDeploymentPostprocessing = 0;
			shellPath = /bin/sh;
			shellScript = "if [[ \"$(uname -m)\" == arm64 ]]; then\n    export PATH=\"/opt/homebrew/bin:$PATH\"\nfi\n\nif which swiftformat > /dev/null; then\n    swiftformat .\nelse\n    echo \"warning: SwiftFormat not installed, download from https://github.com/nicklockwood/SwiftFormat\"\n    exit 1\nfi\n";
			showEnvVarsInLog = 0;
		};
/* End PBXShellScriptBuildPhase section */

/* Begin PBXSourcesBuildPhase section */
		BA1E138E2BDBCF540073B876 /* Sources */ = {
			isa = PBXSourcesBuildPhase;
			buildActionMask = 2147483647;
			files = (
				BA1E13952BDBCF540073B876 /* CinemaStarMVVMUnitTests.swift in Sources */,
			);
			runOnlyForDeploymentPostprocessing = 0;
		};
		BABF4AA42BD67CC8006A8C03 /* Sources */ = {
			isa = PBXSourcesBuildPhase;
			buildActionMask = 2147483647;
			files = (
				BACE0C4C2BD80B6E00DA077D /* StateView.swift in Sources */,
				BA628A382C0A3B7C0015FC16 /* Film+CoreDataProperties.swift in Sources */,
				BAF40DB32BD97431008B7D1A /* CastAndCrewCollectionViewCell.swift in Sources */,
				BAA7E8D12C06530200A9BBEF /* ListFilmRouter.swift in Sources */,
				BAA7E8C82C06264000A9BBEF /* ListFilmInteractor.swift in Sources */,
				BA9E13CF2BDABDB300AC0DC7 /* APIRequest.swift in Sources */,
				BACE0C402BD7D71900DA077D /* UIImageView + Extension.swift in Sources */,
				BACE0C572BD81AD800DA077D /* ListFilmsCoordinator.swift in Sources */,
				BAB826B02C08D5DE00AA11BF /* DetailsFilmAssembly.swift in Sources */,
				BA6D92172BDD635400DFED7F /* ShimmerTableViewCell.swift in Sources */,
				BABF4AB02BD67CC8006A8C03 /* ListFilmsController.swift in Sources */,
				BAA7E8C62C0623C900A9BBEF /* ListFilmPresenter.swift in Sources */,
				BA5701942BD79F1F006C7586 /* RecommendationTableViewCell.swift in Sources */,
				BA0E6DD82C04FEB50086A383 /* DetailsFilmView.swift in Sources */,
				BACE0C442BD7D79300DA077D /* LoadServiceProtocol.swift in Sources */,
				BABF4AE32BD6A9AD006A8C03 /* FilmCell.swift in Sources */,
				BAA7E8CB2C062AF100A9BBEF /* NetworkService2.swift in Sources */,
				BAB826B72C08ED7B00AA11BF /* ShimmerPlaceholderView.swift in Sources */,
				BAB826B52C08EC0400AA11BF /* ShimmerEffect.swift in Sources */,
				BAB2E5F42BD9A51C00A7952D /* DetailsFilmDto.swift in Sources */,
				BA628A342C0A3B000015FC16 /* CinemaStarDataBase.xcdatamodeld in Sources */,
				BACE0C552BD8196500DA077D /* AppCoordinator.swift in Sources */,
				BA5701902BD79D38006C7586 /* DetailedDescriptionCell.swift in Sources */,
				BACE0C472BD7D7FC00DA077D /* HandlerImage.swift in Sources */,
				BACE0C4E2BD80EB200DA077D /* ListFilmsViewModel.swift in Sources */,
				BAF40DB02BD9599A008B7D1A /* DetailsFilmStateView.swift in Sources */,
				BA628A3A2C0A3DAD0015FC16 /* CoreDataManager.swift in Sources */,
				BABF4AAC2BD67CC8006A8C03 /* AppDelegate.swift in Sources */,
				BAF40DAE2BD94DA9008B7D1A /* DetailsFilmCommonInfo.swift in Sources */,
				BA3B356F2BD6F3FA001A9F29 /* FilmsCommonInfo.swift in Sources */,
				BAB2E5F12BD9A00800A7952D /* RequestCreator.swift in Sources */,
				BA3B35722BD6F43A001A9F29 /* CinemaStarDTO.swift in Sources */,
				BABF4AAE2BD67CC8006A8C03 /* SceneDelegate.swift in Sources */,
				BAF40DAB2BD94349008B7D1A /* DetailsFilmViewModel.swift in Sources */,
				BA5701922BD79ECB006C7586 /* CastAndCrewTableViewCell.swift in Sources */,
				BACE0C592BD81B8900DA077D /* VoidHandler.swift in Sources */,
				BACE0C5B2BD8240C00DA077D /* DetailsFilmCoordinator.swift in Sources */,
				BA628A372C0A3B7C0015FC16 /* Film+CoreDataClass.swift in Sources */,
				BA6D92132BDD4AC100DFED7F /* ShimmerCollectionViewCell.swift in Sources */,
				BAE5F8D52C0885E900B74603 /* DetailsFilmInteractor.swift in Sources */,
				BA3B35742BD6F6E2001A9F29 /* NetworkService.swift in Sources */,
				BACE0C532BD8192500DA077D /* BaseCoordinator.swift in Sources */,
				BACE0C492BD7D81600DA077D /* ImageLoadingError.swift in Sources */,
				BA9E13CB2BDAB79D00AC0DC7 /* DetailsFilmResource.swift in Sources */,
				BAB826B22C08D6A000AA11BF /* DetailsFilmRouter.swift in Sources */,
				BA9E13C92BDAB63E00AC0DC7 /* QuestionsResource.swift in Sources */,
				BA57018D2BD796FA006C7586 /* DetailsFilmViewController.swift in Sources */,
				BA9E13C72BDAB41300AC0DC7 /* APIResourceProtocol.swift in Sources */,
				BA6D92192BDD775600DFED7F /* FavoritesService.swift in Sources */,
				BACE0C502BD8187200DA077D /* AppBuilder.swift in Sources */,
				BA7567392BDA83B50050FDA9 /* RecommendationCollectionViewCell.swift in Sources */,
				BAA7E8CF2C0652A600A9BBEF /* ListFilmAssembly.swift in Sources */,
				BA6D92152BDD580100DFED7F /* UIView + Extension.swift in Sources */,
				BA0E6DD62C04EA970086A383 /* RequestCreator2.swift in Sources */,
				BA0E6DD22C04E2AB0086A383 /* ListFilmsView.swift in Sources */,
				BACE0C422BD7D77100DA077D /* LoadImageService.swift in Sources */,
				BA9E13CD2BDAB87100AC0DC7 /* NetworkRequest.swift in Sources */,
				BAE5F8D32C0884C500B74603 /* DetailsFilmPresenter.swift in Sources */,
				BA1F50B42BD8E97100405A77 /* PosterAndRatingCell.swift in Sources */,
			);
			runOnlyForDeploymentPostprocessing = 0;
		};
		BABF4ABA2BD67CC9006A8C03 /* Sources */ = {
			isa = PBXSourcesBuildPhase;
			buildActionMask = 2147483647;
			files = (
				BA1FD1152C0CC45800BA90F8 /* MockInteractor.swift in Sources */,
				BA1FD1112C0CB7EC00BA90F8 /* MockNetworkService.swift in Sources */,
				BA1FD10C2C0CB69500BA90F8 /* ListFilmsInteractorTests.swift in Sources */,
				BA1FD1132C0CC1A500BA90F8 /* InteractorTests.swift in Sources */,
				BA1FD10F2C0CB73100BA90F8 /* MockPresenter.swift in Sources */,
				BABF4AC32BD67CC9006A8C03 /* CinemaStarMVVMTests.swift in Sources */,
			);
			runOnlyForDeploymentPostprocessing = 0;
		};
		BABF4AC42BD67CC9006A8C03 /* Sources */ = {
			isa = PBXSourcesBuildPhase;
			buildActionMask = 2147483647;
			files = (
				BABF4ACD2BD67CC9006A8C03 /* CinemaStarMVVMUITests.swift in Sources */,
				BABF4ACF2BD67CC9006A8C03 /* CinemaStarMVVMUITestsLaunchTests.swift in Sources */,
			);
			runOnlyForDeploymentPostprocessing = 0;
		};
/* End PBXSourcesBuildPhase section */

/* Begin PBXTargetDependency section */
		BA1E13972BDBCF540073B876 /* PBXTargetDependency */ = {
			isa = PBXTargetDependency;
			target = BABF4AA72BD67CC8006A8C03 /* CinemaStarMVVM */;
			targetProxy = BA1E13962BDBCF540073B876 /* PBXContainerItemProxy */;
		};
		BABF4AC02BD67CC9006A8C03 /* PBXTargetDependency */ = {
			isa = PBXTargetDependency;
			target = BABF4AA72BD67CC8006A8C03 /* CinemaStarMVVM */;
			targetProxy = BABF4ABF2BD67CC9006A8C03 /* PBXContainerItemProxy */;
		};
		BABF4ACA2BD67CC9006A8C03 /* PBXTargetDependency */ = {
			isa = PBXTargetDependency;
			target = BABF4AA72BD67CC8006A8C03 /* CinemaStarMVVM */;
			targetProxy = BABF4AC92BD67CC9006A8C03 /* PBXContainerItemProxy */;
		};
/* End PBXTargetDependency section */

/* Begin PBXVariantGroup section */
		BABF4AB12BD67CC8006A8C03 /* Main.storyboard */ = {
			isa = PBXVariantGroup;
			children = (
				BABF4AB22BD67CC8006A8C03 /* Base */,
			);
			name = Main.storyboard;
			sourceTree = "<group>";
		};
		BABF4AB62BD67CC9006A8C03 /* LaunchScreen.storyboard */ = {
			isa = PBXVariantGroup;
			children = (
				BABF4AB72BD67CC9006A8C03 /* Base */,
			);
			name = LaunchScreen.storyboard;
			sourceTree = "<group>";
		};
/* End PBXVariantGroup section */

/* Begin XCBuildConfiguration section */
		BA1E13982BDBCF540073B876 /* Debug */ = {
			isa = XCBuildConfiguration;
			buildSettings = {
				BUNDLE_LOADER = "$(TEST_HOST)";
				CODE_SIGN_STYLE = Automatic;
				CURRENT_PROJECT_VERSION = 1;
				ENABLE_USER_SCRIPT_SANDBOXING = YES;
				GENERATE_INFOPLIST_FILE = YES;
				MARKETING_VERSION = 1.0;
				PRODUCT_BUNDLE_IDENTIFIER = IvanTulin.CinemaStarMVVMUnitTests;
				PRODUCT_NAME = "$(TARGET_NAME)";
				SWIFT_EMIT_LOC_STRINGS = NO;
				SWIFT_VERSION = 5.0;
				TARGETED_DEVICE_FAMILY = "1,2";
				TEST_HOST = "$(BUILT_PRODUCTS_DIR)/CinemaStarMVVM.app/$(BUNDLE_EXECUTABLE_FOLDER_PATH)/CinemaStarMVVM";
			};
			name = Debug;
		};
		BA1E13992BDBCF540073B876 /* Release */ = {
			isa = XCBuildConfiguration;
			buildSettings = {
				BUNDLE_LOADER = "$(TEST_HOST)";
				CODE_SIGN_STYLE = Automatic;
				CURRENT_PROJECT_VERSION = 1;
				ENABLE_USER_SCRIPT_SANDBOXING = YES;
				GENERATE_INFOPLIST_FILE = YES;
				MARKETING_VERSION = 1.0;
				PRODUCT_BUNDLE_IDENTIFIER = IvanTulin.CinemaStarMVVMUnitTests;
				PRODUCT_NAME = "$(TARGET_NAME)";
				SWIFT_EMIT_LOC_STRINGS = NO;
				SWIFT_VERSION = 5.0;
				TARGETED_DEVICE_FAMILY = "1,2";
				TEST_HOST = "$(BUILT_PRODUCTS_DIR)/CinemaStarMVVM.app/$(BUNDLE_EXECUTABLE_FOLDER_PATH)/CinemaStarMVVM";
			};
			name = Release;
		};
		BABF4AD02BD67CC9006A8C03 /* Debug */ = {
			isa = XCBuildConfiguration;
			buildSettings = {
				ALWAYS_SEARCH_USER_PATHS = NO;
				ASSETCATALOG_COMPILER_GENERATE_SWIFT_ASSET_SYMBOL_EXTENSIONS = YES;
				CLANG_ANALYZER_NONNULL = YES;
				CLANG_ANALYZER_NUMBER_OBJECT_CONVERSION = YES_AGGRESSIVE;
				CLANG_CXX_LANGUAGE_STANDARD = "gnu++20";
				CLANG_ENABLE_MODULES = YES;
				CLANG_ENABLE_OBJC_ARC = YES;
				CLANG_ENABLE_OBJC_WEAK = YES;
				CLANG_WARN_BLOCK_CAPTURE_AUTORELEASING = YES;
				CLANG_WARN_BOOL_CONVERSION = YES;
				CLANG_WARN_COMMA = YES;
				CLANG_WARN_CONSTANT_CONVERSION = YES;
				CLANG_WARN_DEPRECATED_OBJC_IMPLEMENTATIONS = YES;
				CLANG_WARN_DIRECT_OBJC_ISA_USAGE = YES_ERROR;
				CLANG_WARN_DOCUMENTATION_COMMENTS = YES;
				CLANG_WARN_EMPTY_BODY = YES;
				CLANG_WARN_ENUM_CONVERSION = YES;
				CLANG_WARN_INFINITE_RECURSION = YES;
				CLANG_WARN_INT_CONVERSION = YES;
				CLANG_WARN_NON_LITERAL_NULL_CONVERSION = YES;
				CLANG_WARN_OBJC_IMPLICIT_RETAIN_SELF = YES;
				CLANG_WARN_OBJC_LITERAL_CONVERSION = YES;
				CLANG_WARN_OBJC_ROOT_CLASS = YES_ERROR;
				CLANG_WARN_QUOTED_INCLUDE_IN_FRAMEWORK_HEADER = YES;
				CLANG_WARN_RANGE_LOOP_ANALYSIS = YES;
				CLANG_WARN_STRICT_PROTOTYPES = YES;
				CLANG_WARN_SUSPICIOUS_MOVE = YES;
				CLANG_WARN_UNGUARDED_AVAILABILITY = YES_AGGRESSIVE;
				CLANG_WARN_UNREACHABLE_CODE = YES;
				CLANG_WARN__DUPLICATE_METHOD_MATCH = YES;
				COPY_PHASE_STRIP = NO;
				DEBUG_INFORMATION_FORMAT = dwarf;
				ENABLE_STRICT_OBJC_MSGSEND = YES;
				ENABLE_TESTABILITY = YES;
				ENABLE_USER_SCRIPT_SANDBOXING = NO;
				GCC_C_LANGUAGE_STANDARD = gnu17;
				GCC_DYNAMIC_NO_PIC = NO;
				GCC_NO_COMMON_BLOCKS = YES;
				GCC_OPTIMIZATION_LEVEL = 0;
				GCC_PREPROCESSOR_DEFINITIONS = (
					"DEBUG=1",
					"$(inherited)",
				);
				GCC_WARN_64_TO_32_BIT_CONVERSION = YES;
				GCC_WARN_ABOUT_RETURN_TYPE = YES_ERROR;
				GCC_WARN_UNDECLARED_SELECTOR = YES;
				GCC_WARN_UNINITIALIZED_AUTOS = YES_AGGRESSIVE;
				GCC_WARN_UNUSED_FUNCTION = YES;
				GCC_WARN_UNUSED_VARIABLE = YES;
				IPHONEOS_DEPLOYMENT_TARGET = 17.2;
				LOCALIZATION_PREFERS_STRING_CATALOGS = YES;
				MTL_ENABLE_DEBUG_INFO = INCLUDE_SOURCE;
				MTL_FAST_MATH = YES;
				ONLY_ACTIVE_ARCH = YES;
				SDKROOT = iphoneos;
				SWIFT_ACTIVE_COMPILATION_CONDITIONS = "DEBUG $(inherited)";
				SWIFT_OPTIMIZATION_LEVEL = "-Onone";
			};
			name = Debug;
		};
		BABF4AD12BD67CC9006A8C03 /* Release */ = {
			isa = XCBuildConfiguration;
			buildSettings = {
				ALWAYS_SEARCH_USER_PATHS = NO;
				ASSETCATALOG_COMPILER_GENERATE_SWIFT_ASSET_SYMBOL_EXTENSIONS = YES;
				CLANG_ANALYZER_NONNULL = YES;
				CLANG_ANALYZER_NUMBER_OBJECT_CONVERSION = YES_AGGRESSIVE;
				CLANG_CXX_LANGUAGE_STANDARD = "gnu++20";
				CLANG_ENABLE_MODULES = YES;
				CLANG_ENABLE_OBJC_ARC = YES;
				CLANG_ENABLE_OBJC_WEAK = YES;
				CLANG_WARN_BLOCK_CAPTURE_AUTORELEASING = YES;
				CLANG_WARN_BOOL_CONVERSION = YES;
				CLANG_WARN_COMMA = YES;
				CLANG_WARN_CONSTANT_CONVERSION = YES;
				CLANG_WARN_DEPRECATED_OBJC_IMPLEMENTATIONS = YES;
				CLANG_WARN_DIRECT_OBJC_ISA_USAGE = YES_ERROR;
				CLANG_WARN_DOCUMENTATION_COMMENTS = YES;
				CLANG_WARN_EMPTY_BODY = YES;
				CLANG_WARN_ENUM_CONVERSION = YES;
				CLANG_WARN_INFINITE_RECURSION = YES;
				CLANG_WARN_INT_CONVERSION = YES;
				CLANG_WARN_NON_LITERAL_NULL_CONVERSION = YES;
				CLANG_WARN_OBJC_IMPLICIT_RETAIN_SELF = YES;
				CLANG_WARN_OBJC_LITERAL_CONVERSION = YES;
				CLANG_WARN_OBJC_ROOT_CLASS = YES_ERROR;
				CLANG_WARN_QUOTED_INCLUDE_IN_FRAMEWORK_HEADER = YES;
				CLANG_WARN_RANGE_LOOP_ANALYSIS = YES;
				CLANG_WARN_STRICT_PROTOTYPES = YES;
				CLANG_WARN_SUSPICIOUS_MOVE = YES;
				CLANG_WARN_UNGUARDED_AVAILABILITY = YES_AGGRESSIVE;
				CLANG_WARN_UNREACHABLE_CODE = YES;
				CLANG_WARN__DUPLICATE_METHOD_MATCH = YES;
				COPY_PHASE_STRIP = NO;
				DEBUG_INFORMATION_FORMAT = "dwarf-with-dsym";
				ENABLE_NS_ASSERTIONS = NO;
				ENABLE_STRICT_OBJC_MSGSEND = YES;
				ENABLE_USER_SCRIPT_SANDBOXING = NO;
				GCC_C_LANGUAGE_STANDARD = gnu17;
				GCC_NO_COMMON_BLOCKS = YES;
				GCC_WARN_64_TO_32_BIT_CONVERSION = YES;
				GCC_WARN_ABOUT_RETURN_TYPE = YES_ERROR;
				GCC_WARN_UNDECLARED_SELECTOR = YES;
				GCC_WARN_UNINITIALIZED_AUTOS = YES_AGGRESSIVE;
				GCC_WARN_UNUSED_FUNCTION = YES;
				GCC_WARN_UNUSED_VARIABLE = YES;
				IPHONEOS_DEPLOYMENT_TARGET = 17.2;
				LOCALIZATION_PREFERS_STRING_CATALOGS = YES;
				MTL_ENABLE_DEBUG_INFO = NO;
				MTL_FAST_MATH = YES;
				SDKROOT = iphoneos;
				SWIFT_COMPILATION_MODE = wholemodule;
				VALIDATE_PRODUCT = YES;
			};
			name = Release;
		};
		BABF4AD32BD67CC9006A8C03 /* Debug */ = {
			isa = XCBuildConfiguration;
			buildSettings = {
				ASSETCATALOG_COMPILER_APPICON_NAME = AppIcon;
				ASSETCATALOG_COMPILER_GLOBAL_ACCENT_COLOR_NAME = AccentColor;
				CODE_SIGN_STYLE = Automatic;
				CURRENT_PROJECT_VERSION = 1;
				DEVELOPMENT_TEAM = HFDVYLK5AX;
				GENERATE_INFOPLIST_FILE = YES;
				INFOPLIST_FILE = CinemaStarMVVM/SupportingFiles/Info.plist;
				INFOPLIST_KEY_UIApplicationSupportsIndirectInputEvents = YES;
				INFOPLIST_KEY_UILaunchStoryboardName = LaunchScreen;
				INFOPLIST_KEY_UIMainStoryboardFile = Main;
				INFOPLIST_KEY_UISupportedInterfaceOrientations_iPad = "UIInterfaceOrientationPortrait UIInterfaceOrientationPortraitUpsideDown UIInterfaceOrientationLandscapeLeft UIInterfaceOrientationLandscapeRight";
				INFOPLIST_KEY_UISupportedInterfaceOrientations_iPhone = "UIInterfaceOrientationPortrait UIInterfaceOrientationLandscapeLeft UIInterfaceOrientationLandscapeRight";
				IPHONEOS_DEPLOYMENT_TARGET = 17.2;
				LD_RUNPATH_SEARCH_PATHS = (
					"$(inherited)",
					"@executable_path/Frameworks",
				);
				MARKETING_VERSION = 1.0;
				PRODUCT_BUNDLE_IDENTIFIER = IvanTulin.CinemaStarMVVM;
				PRODUCT_NAME = "$(TARGET_NAME)";
				SWIFT_EMIT_LOC_STRINGS = YES;
				SWIFT_VERSION = 5.0;
				TARGETED_DEVICE_FAMILY = "1,2";
			};
			name = Debug;
		};
		BABF4AD42BD67CC9006A8C03 /* Release */ = {
			isa = XCBuildConfiguration;
			buildSettings = {
				ASSETCATALOG_COMPILER_APPICON_NAME = AppIcon;
				ASSETCATALOG_COMPILER_GLOBAL_ACCENT_COLOR_NAME = AccentColor;
				CODE_SIGN_STYLE = Automatic;
				CURRENT_PROJECT_VERSION = 1;
				DEVELOPMENT_TEAM = HFDVYLK5AX;
				GENERATE_INFOPLIST_FILE = YES;
				INFOPLIST_FILE = CinemaStarMVVM/SupportingFiles/Info.plist;
				INFOPLIST_KEY_UIApplicationSupportsIndirectInputEvents = YES;
				INFOPLIST_KEY_UILaunchStoryboardName = LaunchScreen;
				INFOPLIST_KEY_UIMainStoryboardFile = Main;
				INFOPLIST_KEY_UISupportedInterfaceOrientations_iPad = "UIInterfaceOrientationPortrait UIInterfaceOrientationPortraitUpsideDown UIInterfaceOrientationLandscapeLeft UIInterfaceOrientationLandscapeRight";
				INFOPLIST_KEY_UISupportedInterfaceOrientations_iPhone = "UIInterfaceOrientationPortrait UIInterfaceOrientationLandscapeLeft UIInterfaceOrientationLandscapeRight";
				IPHONEOS_DEPLOYMENT_TARGET = 17.2;
				LD_RUNPATH_SEARCH_PATHS = (
					"$(inherited)",
					"@executable_path/Frameworks",
				);
				MARKETING_VERSION = 1.0;
				PRODUCT_BUNDLE_IDENTIFIER = IvanTulin.CinemaStarMVVM;
				PRODUCT_NAME = "$(TARGET_NAME)";
				SWIFT_EMIT_LOC_STRINGS = YES;
				SWIFT_VERSION = 5.0;
				TARGETED_DEVICE_FAMILY = "1,2";
			};
			name = Release;
		};
		BABF4AD62BD67CC9006A8C03 /* Debug */ = {
			isa = XCBuildConfiguration;
			buildSettings = {
				ALWAYS_EMBED_SWIFT_STANDARD_LIBRARIES = YES;
				BUNDLE_LOADER = "$(TEST_HOST)";
				CODE_SIGN_STYLE = Automatic;
				CURRENT_PROJECT_VERSION = 1;
				GENERATE_INFOPLIST_FILE = YES;
				IPHONEOS_DEPLOYMENT_TARGET = 17.2;
				MARKETING_VERSION = 1.0;
				PRODUCT_BUNDLE_IDENTIFIER = IvanTulin.CinemaStarMVVMTests;
				PRODUCT_NAME = "$(TARGET_NAME)";
				SWIFT_EMIT_LOC_STRINGS = NO;
				SWIFT_VERSION = 5.0;
				TARGETED_DEVICE_FAMILY = "1,2";
				TEST_HOST = "$(BUILT_PRODUCTS_DIR)/CinemaStarMVVM.app/$(BUNDLE_EXECUTABLE_FOLDER_PATH)/CinemaStarMVVM";
			};
			name = Debug;
		};
		BABF4AD72BD67CC9006A8C03 /* Release */ = {
			isa = XCBuildConfiguration;
			buildSettings = {
				ALWAYS_EMBED_SWIFT_STANDARD_LIBRARIES = YES;
				BUNDLE_LOADER = "$(TEST_HOST)";
				CODE_SIGN_STYLE = Automatic;
				CURRENT_PROJECT_VERSION = 1;
				GENERATE_INFOPLIST_FILE = YES;
				IPHONEOS_DEPLOYMENT_TARGET = 17.2;
				MARKETING_VERSION = 1.0;
				PRODUCT_BUNDLE_IDENTIFIER = IvanTulin.CinemaStarMVVMTests;
				PRODUCT_NAME = "$(TARGET_NAME)";
				SWIFT_EMIT_LOC_STRINGS = NO;
				SWIFT_VERSION = 5.0;
				TARGETED_DEVICE_FAMILY = "1,2";
				TEST_HOST = "$(BUILT_PRODUCTS_DIR)/CinemaStarMVVM.app/$(BUNDLE_EXECUTABLE_FOLDER_PATH)/CinemaStarMVVM";
			};
			name = Release;
		};
		BABF4AD92BD67CC9006A8C03 /* Debug */ = {
			isa = XCBuildConfiguration;
			buildSettings = {
				ALWAYS_EMBED_SWIFT_STANDARD_LIBRARIES = YES;
				CODE_SIGN_STYLE = Automatic;
				CURRENT_PROJECT_VERSION = 1;
				GENERATE_INFOPLIST_FILE = YES;
				MARKETING_VERSION = 1.0;
				PRODUCT_BUNDLE_IDENTIFIER = IvanTulin.CinemaStarMVVMUITests;
				PRODUCT_NAME = "$(TARGET_NAME)";
				SWIFT_EMIT_LOC_STRINGS = NO;
				SWIFT_VERSION = 5.0;
				TARGETED_DEVICE_FAMILY = "1,2";
				TEST_TARGET_NAME = CinemaStarMVVM;
			};
			name = Debug;
		};
		BABF4ADA2BD67CC9006A8C03 /* Release */ = {
			isa = XCBuildConfiguration;
			buildSettings = {
				ALWAYS_EMBED_SWIFT_STANDARD_LIBRARIES = YES;
				CODE_SIGN_STYLE = Automatic;
				CURRENT_PROJECT_VERSION = 1;
				GENERATE_INFOPLIST_FILE = YES;
				MARKETING_VERSION = 1.0;
				PRODUCT_BUNDLE_IDENTIFIER = IvanTulin.CinemaStarMVVMUITests;
				PRODUCT_NAME = "$(TARGET_NAME)";
				SWIFT_EMIT_LOC_STRINGS = NO;
				SWIFT_VERSION = 5.0;
				TARGETED_DEVICE_FAMILY = "1,2";
				TEST_TARGET_NAME = CinemaStarMVVM;
			};
			name = Release;
		};
/* End XCBuildConfiguration section */

/* Begin XCConfigurationList section */
		BA1E139A2BDBCF540073B876 /* Build configuration list for PBXNativeTarget "CinemaStarMVVMUnitTests" */ = {
			isa = XCConfigurationList;
			buildConfigurations = (
				BA1E13982BDBCF540073B876 /* Debug */,
				BA1E13992BDBCF540073B876 /* Release */,
			);
			defaultConfigurationIsVisible = 0;
			defaultConfigurationName = Release;
		};
		BABF4AA32BD67CC8006A8C03 /* Build configuration list for PBXProject "CinemaStarMVVM" */ = {
			isa = XCConfigurationList;
			buildConfigurations = (
				BABF4AD02BD67CC9006A8C03 /* Debug */,
				BABF4AD12BD67CC9006A8C03 /* Release */,
			);
			defaultConfigurationIsVisible = 0;
			defaultConfigurationName = Release;
		};
		BABF4AD22BD67CC9006A8C03 /* Build configuration list for PBXNativeTarget "CinemaStarMVVM" */ = {
			isa = XCConfigurationList;
			buildConfigurations = (
				BABF4AD32BD67CC9006A8C03 /* Debug */,
				BABF4AD42BD67CC9006A8C03 /* Release */,
			);
			defaultConfigurationIsVisible = 0;
			defaultConfigurationName = Release;
		};
		BABF4AD52BD67CC9006A8C03 /* Build configuration list for PBXNativeTarget "CinemaStarMVVMTests" */ = {
			isa = XCConfigurationList;
			buildConfigurations = (
				BABF4AD62BD67CC9006A8C03 /* Debug */,
				BABF4AD72BD67CC9006A8C03 /* Release */,
			);
			defaultConfigurationIsVisible = 0;
			defaultConfigurationName = Release;
		};
		BABF4AD82BD67CC9006A8C03 /* Build configuration list for PBXNativeTarget "CinemaStarMVVMUITests" */ = {
			isa = XCConfigurationList;
			buildConfigurations = (
				BABF4AD92BD67CC9006A8C03 /* Debug */,
				BABF4ADA2BD67CC9006A8C03 /* Release */,
			);
			defaultConfigurationIsVisible = 0;
			defaultConfigurationName = Release;
		};
/* End XCConfigurationList section */

/* Begin XCRemoteSwiftPackageReference section */
		BA6D920F2BDD132900DFED7F /* XCRemoteSwiftPackageReference "keychain-swift" */ = {
			isa = XCRemoteSwiftPackageReference;
			repositoryURL = "https://github.com/evgenyneu/keychain-swift.git";
			requirement = {
				kind = upToNextMajorVersion;
				minimumVersion = 24.0.0;
			};
		};
/* End XCRemoteSwiftPackageReference section */

/* Begin XCSwiftPackageProductDependency section */
		BA6D92102BDD132900DFED7F /* KeychainSwift */ = {
			isa = XCSwiftPackageProductDependency;
			package = BA6D920F2BDD132900DFED7F /* XCRemoteSwiftPackageReference "keychain-swift" */;
			productName = KeychainSwift;
		};
/* End XCSwiftPackageProductDependency section */

/* Begin XCVersionGroup section */
		BA628A322C0A3B000015FC16 /* CinemaStarDataBase.xcdatamodeld */ = {
			isa = XCVersionGroup;
			children = (
				BA628A332C0A3B000015FC16 /* CinemaStarDataBase.xcdatamodel */,
			);
			currentVersion = BA628A332C0A3B000015FC16 /* CinemaStarDataBase.xcdatamodel */;
			path = CinemaStarDataBase.xcdatamodeld;
			sourceTree = "<group>";
			versionGroupType = wrapper.xcdatamodel;
		};
/* End XCVersionGroup section */
	};
	rootObject = BABF4AA02BD67CC8006A8C03 /* Project object */;
}
